// !$*UTF8*$!
{
	archiveVersion = 1;
	classes = {
	};
	objectVersion = 56;
	objects = {

/* Begin PBXBuildFile section */
		298DF6CF2B88959300AFCEA0 /* AppleFrameworksApp.swift in Sources */ = {isa = PBXBuildFile; fileRef = 298DF6CE2B88959300AFCEA0 /* AppleFrameworksApp.swift */; };
		298DF6D12B88959300AFCEA0 /* ContentView.swift in Sources */ = {isa = PBXBuildFile; fileRef = 298DF6D02B88959300AFCEA0 /* ContentView.swift */; };
		298DF6D32B88959500AFCEA0 /* Assets.xcassets in Resources */ = {isa = PBXBuildFile; fileRef = 298DF6D22B88959500AFCEA0 /* Assets.xcassets */; };
		298DF6D62B88959500AFCEA0 /* Preview Assets.xcassets in Resources */ = {isa = PBXBuildFile; fileRef = 298DF6D52B88959500AFCEA0 /* Preview Assets.xcassets */; };
		298DF6E02B88959600AFCEA0 /* AppleFrameworksTests.swift in Sources */ = {isa = PBXBuildFile; fileRef = 298DF6DF2B88959600AFCEA0 /* AppleFrameworksTests.swift */; };
		298DF6EA2B88959600AFCEA0 /* AppleFrameworksUITests.swift in Sources */ = {isa = PBXBuildFile; fileRef = 298DF6E92B88959600AFCEA0 /* AppleFrameworksUITests.swift */; };
		298DF6EC2B88959600AFCEA0 /* AppleFrameworksUITestsLaunchTests.swift in Sources */ = {isa = PBXBuildFile; fileRef = 298DF6EB2B88959600AFCEA0 /* AppleFrameworksUITestsLaunchTests.swift */; };
/* End PBXBuildFile section */

/* Begin PBXContainerItemProxy section */
		298DF6DC2B88959600AFCEA0 /* PBXContainerItemProxy */ = {
			isa = PBXContainerItemProxy;
			containerPortal = 298DF6C32B88959300AFCEA0 /* Project object */;
			proxyType = 1;
			remoteGlobalIDString = 298DF6CA2B88959300AFCEA0;
			remoteInfo = AppleFrameworks;
		};
		298DF6E62B88959600AFCEA0 /* PBXContainerItemProxy */ = {
			isa = PBXContainerItemProxy;
			containerPortal = 298DF6C32B88959300AFCEA0 /* Project object */;
			proxyType = 1;
			remoteGlobalIDString = 298DF6CA2B88959300AFCEA0;
			remoteInfo = AppleFrameworks;
		};
/* End PBXContainerItemProxy section */

/* Begin PBXFileReference section */
		298DF6CB2B88959300AFCEA0 /* AppleFrameworks.app */ = {isa = PBXFileReference; explicitFileType = wrapper.application; includeInIndex = 0; path = AppleFrameworks.app; sourceTree = BUILT_PRODUCTS_DIR; };
		298DF6CE2B88959300AFCEA0 /* AppleFrameworksApp.swift */ = {isa = PBXFileReference; lastKnownFileType = sourcecode.swift; path = AppleFrameworksApp.swift; sourceTree = "<group>"; };
		298DF6D02B88959300AFCEA0 /* ContentView.swift */ = {isa = PBXFileReference; lastKnownFileType = sourcecode.swift; path = ContentView.swift; sourceTree = "<group>"; };
		298DF6D22B88959500AFCEA0 /* Assets.xcassets */ = {isa = PBXFileReference; lastKnownFileType = folder.assetcatalog; path = Assets.xcassets; sourceTree = "<group>"; };
		298DF6D52B88959500AFCEA0 /* Preview Assets.xcassets */ = {isa = PBXFileReference; lastKnownFileType = folder.assetcatalog; path = "Preview Assets.xcassets"; sourceTree = "<group>"; };
		298DF6DB2B88959600AFCEA0 /* AppleFrameworksTests.xctest */ = {isa = PBXFileReference; explicitFileType = wrapper.cfbundle; includeInIndex = 0; path = AppleFrameworksTests.xctest; sourceTree = BUILT_PRODUCTS_DIR; };
		298DF6DF2B88959600AFCEA0 /* AppleFrameworksTests.swift */ = {isa = PBXFileReference; lastKnownFileType = sourcecode.swift; path = AppleFrameworksTests.swift; sourceTree = "<group>"; };
		298DF6E52B88959600AFCEA0 /* AppleFrameworksUITests.xctest */ = {isa = PBXFileReference; explicitFileType = wrapper.cfbundle; includeInIndex = 0; path = AppleFrameworksUITests.xctest; sourceTree = BUILT_PRODUCTS_DIR; };
		298DF6E92B88959600AFCEA0 /* AppleFrameworksUITests.swift */ = {isa = PBXFileReference; lastKnownFileType = sourcecode.swift; path = AppleFrameworksUITests.swift; sourceTree = "<group>"; };
		298DF6EB2B88959600AFCEA0 /* AppleFrameworksUITestsLaunchTests.swift */ = {isa = PBXFileReference; lastKnownFileType = sourcecode.swift; path = AppleFrameworksUITestsLaunchTests.swift; sourceTree = "<group>"; };
/* End PBXFileReference section */

/* Begin PBXFrameworksBuildPhase section */
		298DF6C82B88959300AFCEA0 /* Frameworks */ = {
			isa = PBXFrameworksBuildPhase;
			buildActionMask = 2147483647;
			files = (
			);
			runOnlyForDeploymentPostprocessing = 0;
		};
		298DF6D82B88959600AFCEA0 /* Frameworks */ = {
			isa = PBXFrameworksBuildPhase;
			buildActionMask = 2147483647;
			files = (
			);
			runOnlyForDeploymentPostprocessing = 0;
		};
		298DF6E22B88959600AFCEA0 /* Frameworks */ = {
			isa = PBXFrameworksBuildPhase;
			buildActionMask = 2147483647;
			files = (
			);
			runOnlyForDeploymentPostprocessing = 0;
		};
/* End PBXFrameworksBuildPhase section */

/* Begin PBXGroup section */
		298DF6C22B88959300AFCEA0 = {
			isa = PBXGroup;
			children = (
				298DF6CD2B88959300AFCEA0 /* AppleFrameworks */,
				298DF6DE2B88959600AFCEA0 /* AppleFrameworksTests */,
				298DF6E82B88959600AFCEA0 /* AppleFrameworksUITests */,
				298DF6CC2B88959300AFCEA0 /* Products */,
			);
			sourceTree = "<group>";
		};
		298DF6CC2B88959300AFCEA0 /* Products */ = {
			isa = PBXGroup;
			children = (
				298DF6CB2B88959300AFCEA0 /* AppleFrameworks.app */,
				298DF6DB2B88959600AFCEA0 /* AppleFrameworksTests.xctest */,
				298DF6E52B88959600AFCEA0 /* AppleFrameworksUITests.xctest */,
			);
			name = Products;
			sourceTree = "<group>";
		};
		298DF6CD2B88959300AFCEA0 /* AppleFrameworks */ = {
			isa = PBXGroup;
			children = (
				298DF6CE2B88959300AFCEA0 /* AppleFrameworksApp.swift */,
				298DF6D02B88959300AFCEA0 /* ContentView.swift */,
				298DF6D22B88959500AFCEA0 /* Assets.xcassets */,
				298DF6D42B88959500AFCEA0 /* Preview Content */,
			);
			path = AppleFrameworks;
			sourceTree = "<group>";
		};
		298DF6D42B88959500AFCEA0 /* Preview Content */ = {
			isa = PBXGroup;
			children = (
				298DF6D52B88959500AFCEA0 /* Preview Assets.xcassets */,
			);
			path = "Preview Content";
			sourceTree = "<group>";
		};
		298DF6DE2B88959600AFCEA0 /* AppleFrameworksTests */ = {
			isa = PBXGroup;
			children = (
				298DF6DF2B88959600AFCEA0 /* AppleFrameworksTests.swift */,
			);
			path = AppleFrameworksTests;
			sourceTree = "<group>";
		};
		298DF6E82B88959600AFCEA0 /* AppleFrameworksUITests */ = {
			isa = PBXGroup;
			children = (
				298DF6E92B88959600AFCEA0 /* AppleFrameworksUITests.swift */,
				298DF6EB2B88959600AFCEA0 /* AppleFrameworksUITestsLaunchTests.swift */,
			);
			path = AppleFrameworksUITests;
			sourceTree = "<group>";
		};
/* End PBXGroup section */

/* Begin PBXNativeTarget section */
		298DF6CA2B88959300AFCEA0 /* AppleFrameworks */ = {
			isa = PBXNativeTarget;
			buildConfigurationList = 298DF6EF2B88959600AFCEA0 /* Build configuration list for PBXNativeTarget "AppleFrameworks" */;
			buildPhases = (
				298DF6C72B88959300AFCEA0 /* Sources */,
				298DF6C82B88959300AFCEA0 /* Frameworks */,
				298DF6C92B88959300AFCEA0 /* Resources */,
			);
			buildRules = (
			);
			dependencies = (
			);
			name = AppleFrameworks;
			productName = AppleFrameworks;
			productReference = 298DF6CB2B88959300AFCEA0 /* AppleFrameworks.app */;
			productType = "com.apple.product-type.application";
		};
		298DF6DA2B88959600AFCEA0 /* AppleFrameworksTests */ = {
			isa = PBXNativeTarget;
			buildConfigurationList = 298DF6F22B88959600AFCEA0 /* Build configuration list for PBXNativeTarget "AppleFrameworksTests" */;
			buildPhases = (
				298DF6D72B88959600AFCEA0 /* Sources */,
				298DF6D82B88959600AFCEA0 /* Frameworks */,
				298DF6D92B88959600AFCEA0 /* Resources */,
			);
			buildRules = (
			);
			dependencies = (
				298DF6DD2B88959600AFCEA0 /* PBXTargetDependency */,
			);
			name = AppleFrameworksTests;
			productName = AppleFrameworksTests;
			productReference = 298DF6DB2B88959600AFCEA0 /* AppleFrameworksTests.xctest */;
			productType = "com.apple.product-type.bundle.unit-test";
		};
		298DF6E42B88959600AFCEA0 /* AppleFrameworksUITests */ = {
			isa = PBXNativeTarget;
			buildConfigurationList = 298DF6F52B88959600AFCEA0 /* Build configuration list for PBXNativeTarget "AppleFrameworksUITests" */;
			buildPhases = (
				298DF6E12B88959600AFCEA0 /* Sources */,
				298DF6E22B88959600AFCEA0 /* Frameworks */,
				298DF6E32B88959600AFCEA0 /* Resources */,
			);
			buildRules = (
			);
			dependencies = (
				298DF6E72B88959600AFCEA0 /* PBXTargetDependency */,
			);
			name = AppleFrameworksUITests;
			productName = AppleFrameworksUITests;
			productReference = 298DF6E52B88959600AFCEA0 /* AppleFrameworksUITests.xctest */;
			productType = "com.apple.product-type.bundle.ui-testing";
		};
/* End PBXNativeTarget section */

/* Begin PBXProject section */
		298DF6C32B88959300AFCEA0 /* Project object */ = {
			isa = PBXProject;
			attributes = {
				BuildIndependentTargetsInParallel = 1;
				LastSwiftUpdateCheck = 1430;
				LastUpgradeCheck = 1430;
				TargetAttributes = {
					298DF6CA2B88959300AFCEA0 = {
						CreatedOnToolsVersion = 14.3.1;
					};
					298DF6DA2B88959600AFCEA0 = {
						CreatedOnToolsVersion = 14.3.1;
						TestTargetID = 298DF6CA2B88959300AFCEA0;
					};
					298DF6E42B88959600AFCEA0 = {
						CreatedOnToolsVersion = 14.3.1;
						TestTargetID = 298DF6CA2B88959300AFCEA0;
					};
				};
			};
			buildConfigurationList = 298DF6C62B88959300AFCEA0 /* Build configuration list for PBXProject "AppleFrameworks" */;
			compatibilityVersion = "Xcode 14.0";
			developmentRegion = en;
			hasScannedForEncodings = 0;
			knownRegions = (
				en,
				Base,
			);
			mainGroup = 298DF6C22B88959300AFCEA0;
			productRefGroup = 298DF6CC2B88959300AFCEA0 /* Products */;
			projectDirPath = "";
			projectRoot = "";
			targets = (
				298DF6CA2B88959300AFCEA0 /* AppleFrameworks */,
				298DF6DA2B88959600AFCEA0 /* AppleFrameworksTests */,
				298DF6E42B88959600AFCEA0 /* AppleFrameworksUITests */,
			);
		};
/* End PBXProject section */

/* Begin PBXResourcesBuildPhase section */
		298DF6C92B88959300AFCEA0 /* Resources */ = {
			isa = PBXResourcesBuildPhase;
			buildActionMask = 2147483647;
			files = (
				298DF6D62B88959500AFCEA0 /* Preview Assets.xcassets in Resources */,
				298DF6D32B88959500AFCEA0 /* Assets.xcassets in Resources */,
			);
			runOnlyForDeploymentPostprocessing = 0;
		};
		298DF6D92B88959600AFCEA0 /* Resources */ = {
			isa = PBXResourcesBuildPhase;
			buildActionMask = 2147483647;
			files = (
			);
			runOnlyForDeploymentPostprocessing = 0;
		};
		298DF6E32B88959600AFCEA0 /* Resources */ = {
			isa = PBXResourcesBuildPhase;
			buildActionMask = 2147483647;
			files = (
			);
			runOnlyForDeploymentPostprocessing = 0;
		};
/* End PBXResourcesBuildPhase section */

/* Begin PBXSourcesBuildPhase section */
		298DF6C72B88959300AFCEA0 /* Sources */ = {
			isa = PBXSourcesBuildPhase;
			buildActionMask = 2147483647;
			files = (
				298DF6D12B88959300AFCEA0 /* ContentView.swift in Sources */,
				298DF6CF2B88959300AFCEA0 /* AppleFrameworksApp.swift in Sources */,
			);
			runOnlyForDeploymentPostprocessing = 0;
		};
		298DF6D72B88959600AFCEA0 /* Sources */ = {
			isa = PBXSourcesBuildPhase;
			buildActionMask = 2147483647;
			files = (
				298DF6E02B88959600AFCEA0 /* AppleFrameworksTests.swift in Sources */,
			);
			runOnlyForDeploymentPostprocessing = 0;
		};
		298DF6E12B88959600AFCEA0 /* Sources */ = {
			isa = PBXSourcesBuildPhase;
			buildActionMask = 2147483647;
			files = (
				298DF6EC2B88959600AFCEA0 /* AppleFrameworksUITestsLaunchTests.swift in Sources */,
				298DF6EA2B88959600AFCEA0 /* AppleFrameworksUITests.swift in Sources */,
			);
			runOnlyForDeploymentPostprocessing = 0;
		};
/* End PBXSourcesBuildPhase section */

/* Begin PBXTargetDependency section */
		298DF6DD2B88959600AFCEA0 /* PBXTargetDependency */ = {
			isa = PBXTargetDependency;
			target = 298DF6CA2B88959300AFCEA0 /* AppleFrameworks */;
			targetProxy = 298DF6DC2B88959600AFCEA0 /* PBXContainerItemProxy */;
		};
		298DF6E72B88959600AFCEA0 /* PBXTargetDependency */ = {
			isa = PBXTargetDependency;
			target = 298DF6CA2B88959300AFCEA0 /* AppleFrameworks */;
			targetProxy = 298DF6E62B88959600AFCEA0 /* PBXContainerItemProxy */;
		};
/* End PBXTargetDependency section */

/* Begin XCBuildConfiguration section */
		298DF6ED2B88959600AFCEA0 /* Debug */ = {
			isa = XCBuildConfiguration;
			buildSettings = {
				ALWAYS_SEARCH_USER_PATHS = NO;
				CLANG_ANALYZER_NONNULL = YES;
				CLANG_ANALYZER_NUMBER_OBJECT_CONVERSION = YES_AGGRESSIVE;
				CLANG_CXX_LANGUAGE_STANDARD = "gnu++20";
				CLANG_ENABLE_MODULES = YES;
				CLANG_ENABLE_OBJC_ARC = YES;
				CLANG_ENABLE_OBJC_WEAK = YES;
				CLANG_WARN_BLOCK_CAPTURE_AUTORELEASING = YES;
				CLANG_WARN_BOOL_CONVERSION = YES;
				CLANG_WARN_COMMA = YES;
				CLANG_WARN_CONSTANT_CONVERSION = YES;
				CLANG_WARN_DEPRECATED_OBJC_IMPLEMENTATIONS = YES;
				CLANG_WARN_DIRECT_OBJC_ISA_USAGE = YES_ERROR;
				CLANG_WARN_DOCUMENTATION_COMMENTS = YES;
				CLANG_WARN_EMPTY_BODY = YES;
				CLANG_WARN_ENUM_CONVERSION = YES;
				CLANG_WARN_INFINITE_RECURSION = YES;
				CLANG_WARN_INT_CONVERSION = YES;
				CLANG_WARN_NON_LITERAL_NULL_CONVERSION = YES;
				CLANG_WARN_OBJC_IMPLICIT_RETAIN_SELF = YES;
				CLANG_WARN_OBJC_LITERAL_CONVERSION = YES;
				CLANG_WARN_OBJC_ROOT_CLASS = YES_ERROR;
				CLANG_WARN_QUOTED_INCLUDE_IN_FRAMEWORK_HEADER = YES;
				CLANG_WARN_RANGE_LOOP_ANALYSIS = YES;
				CLANG_WARN_STRICT_PROTOTYPES = YES;
				CLANG_WARN_SUSPICIOUS_MOVE = YES;
				CLANG_WARN_UNGUARDED_AVAILABILITY = YES_AGGRESSIVE;
				CLANG_WARN_UNREACHABLE_CODE = YES;
				CLANG_WARN__DUPLICATE_METHOD_MATCH = YES;
				COPY_PHASE_STRIP = NO;
				DEBUG_INFORMATION_FORMAT = dwarf;
				ENABLE_STRICT_OBJC_MSGSEND = YES;
				ENABLE_TESTABILITY = YES;
				GCC_C_LANGUAGE_STANDARD = gnu11;
				GCC_DYNAMIC_NO_PIC = NO;
				GCC_NO_COMMON_BLOCKS = YES;
				GCC_OPTIMIZATION_LEVEL = 0;
				GCC_PREPROCESSOR_DEFINITIONS = (
					"DEBUG=1",
					"$(inherited)",
				);
				GCC_WARN_64_TO_32_BIT_CONVERSION = YES;
				GCC_WARN_ABOUT_RETURN_TYPE = YES_ERROR;
				GCC_WARN_UNDECLARED_SELECTOR = YES;
				GCC_WARN_UNINITIALIZED_AUTOS = YES_AGGRESSIVE;
				GCC_WARN_UNUSED_FUNCTION = YES;
				GCC_WARN_UNUSED_VARIABLE = YES;
				IPHONEOS_DEPLOYMENT_TARGET = 16.4;
				MTL_ENABLE_DEBUG_INFO = INCLUDE_SOURCE;
				MTL_FAST_MATH = YES;
				ONLY_ACTIVE_ARCH = YES;
				SDKROOT = iphoneos;
				SWIFT_ACTIVE_COMPILATION_CONDITIONS = DEBUG;
				SWIFT_OPTIMIZATION_LEVEL = "-Onone";
			};
			name = Debug;
		};
		298DF6EE2B88959600AFCEA0 /* Release */ = {
			isa = XCBuildConfiguration;
			buildSettings = {
				ALWAYS_SEARCH_USER_PATHS = NO;
				CLANG_ANALYZER_NONNULL = YES;
				CLANG_ANALYZER_NUMBER_OBJECT_CONVERSION = YES_AGGRESSIVE;
				CLANG_CXX_LANGUAGE_STANDARD = "gnu++20";
				CLANG_ENABLE_MODULES = YES;
				CLANG_ENABLE_OBJC_ARC = YES;
				CLANG_ENABLE_OBJC_WEAK = YES;
				CLANG_WARN_BLOCK_CAPTURE_AUTORELEASING = YES;
				CLANG_WARN_BOOL_CONVERSION = YES;
				CLANG_WARN_COMMA = YES;
				CLANG_WARN_CONSTANT_CONVERSION = YES;
				CLANG_WARN_DEPRECATED_OBJC_IMPLEMENTATIONS = YES;
				CLANG_WARN_DIRECT_OBJC_ISA_USAGE = YES_ERROR;
				CLANG_WARN_DOCUMENTATION_COMMENTS = YES;
				CLANG_WARN_EMPTY_BODY = YES;
				CLANG_WARN_ENUM_CONVERSION = YES;
				CLANG_WARN_INFINITE_RECURSION = YES;
				CLANG_WARN_INT_CONVERSION = YES;
				CLANG_WARN_NON_LITERAL_NULL_CONVERSION = YES;
				CLANG_WARN_OBJC_IMPLICIT_RETAIN_SELF = YES;
				CLANG_WARN_OBJC_LITERAL_CONVERSION = YES;
				CLANG_WARN_OBJC_ROOT_CLASS = YES_ERROR;
				CLANG_WARN_QUOTED_INCLUDE_IN_FRAMEWORK_HEADER = YES;
				CLANG_WARN_RANGE_LOOP_ANALYSIS = YES;
				CLANG_WARN_STRICT_PROTOTYPES = YES;
				CLANG_WARN_SUSPICIOUS_MOVE = YES;
				CLANG_WARN_UNGUARDED_AVAILABILITY = YES_AGGRESSIVE;
				CLANG_WARN_UNREACHABLE_CODE = YES;
				CLANG_WARN__DUPLICATE_METHOD_MATCH = YES;
				COPY_PHASE_STRIP = NO;
				DEBUG_INFORMATION_FORMAT = "dwarf-with-dsym";
				ENABLE_NS_ASSERTIONS = NO;
				ENABLE_STRICT_OBJC_MSGSEND = YES;
				GCC_C_LANGUAGE_STANDARD = gnu11;
				GCC_NO_COMMON_BLOCKS = YES;
				GCC_WARN_64_TO_32_BIT_CONVERSION = YES;
				GCC_WARN_ABOUT_RETURN_TYPE = YES_ERROR;
				GCC_WARN_UNDECLARED_SELECTOR = YES;
				GCC_WARN_UNINITIALIZED_AUTOS = YES_AGGRESSIVE;
				GCC_WARN_UNUSED_FUNCTION = YES;
				GCC_WARN_UNUSED_VARIABLE = YES;
				IPHONEOS_DEPLOYMENT_TARGET = 16.4;
				MTL_ENABLE_DEBUG_INFO = NO;
				MTL_FAST_MATH = YES;
				SDKROOT = iphoneos;
				SWIFT_COMPILATION_MODE = wholemodule;
				SWIFT_OPTIMIZATION_LEVEL = "-O";
				VALIDATE_PRODUCT = YES;
			};
			name = Release;
		};
		298DF6F02B88959600AFCEA0 /* Debug */ = {
			isa = XCBuildConfiguration;
			buildSettings = {
				ASSETCATALOG_COMPILER_APPICON_NAME = AppIcon;
				ASSETCATALOG_COMPILER_GLOBAL_ACCENT_COLOR_NAME = AccentColor;
				CODE_SIGN_STYLE = Automatic;
				CURRENT_PROJECT_VERSION = 1;
				DEVELOPMENT_ASSET_PATHS = "\"AppleFrameworks/Preview Content\"";
				ENABLE_PREVIEWS = YES;
				GENERATE_INFOPLIST_FILE = YES;
				INFOPLIST_KEY_UIApplicationSceneManifest_Generation = YES;
				INFOPLIST_KEY_UIApplicationSupportsIndirectInputEvents = YES;
				INFOPLIST_KEY_UILaunchScreen_Generation = YES;
				INFOPLIST_KEY_UISupportedInterfaceOrientations_iPad = "UIInterfaceOrientationPortrait UIInterfaceOrientationPortraitUpsideDown UIInterfaceOrientationLandscapeLeft UIInterfaceOrientationLandscapeRight";
				INFOPLIST_KEY_UISupportedInterfaceOrientations_iPhone = "UIInterfaceOrientationPortrait UIInterfaceOrientationLandscapeLeft UIInterfaceOrientationLandscapeRight";
				LD_RUNPATH_SEARCH_PATHS = (
					"$(inherited)",
					"@executable_path/Frameworks",
				);
				MARKETING_VERSION = 1.0;
				PRODUCT_BUNDLE_IDENTIFIER = mehadi.AppleFrameworks;
				PRODUCT_NAME = "$(TARGET_NAME)";
				SWIFT_EMIT_LOC_STRINGS = YES;
				SWIFT_VERSION = 5.0;
				TARGETED_DEVICE_FAMILY = "1,2";
			};
			name = Debug;
		};
		298DF6F12B88959600AFCEA0 /* Release */ = {
			isa = XCBuildConfiguration;
			buildSettings = {
				ASSETCATALOG_COMPILER_APPICON_NAME = AppIcon;
				ASSETCATALOG_COMPILER_GLOBAL_ACCENT_COLOR_NAME = AccentColor;
				CODE_SIGN_STYLE = Automatic;
				CURRENT_PROJECT_VERSION = 1;
				DEVELOPMENT_ASSET_PATHS = "\"AppleFrameworks/Preview Content\"";
				ENABLE_PREVIEWS = YES;
				GENERATE_INFOPLIST_FILE = YES;
				INFOPLIST_KEY_UIApplicationSceneManifest_Generation = YES;
				INFOPLIST_KEY_UIApplicationSupportsIndirectInputEvents = YES;
				INFOPLIST_KEY_UILaunchScreen_Generation = YES;
				INFOPLIST_KEY_UISupportedInterfaceOrientations_iPad = "UIInterfaceOrientationPortrait UIInterfaceOrientationPortraitUpsideDown UIInterfaceOrientationLandscapeLeft UIInterfaceOrientationLandscapeRight";
				INFOPLIST_KEY_UISupportedInterfaceOrientations_iPhone = "UIInterfaceOrientationPortrait UIInterfaceOrientationLandscapeLeft UIInterfaceOrientationLandscapeRight";
				LD_RUNPATH_SEARCH_PATHS = (
					"$(inherited)",
					"@executable_path/Frameworks",
				);
				MARKETING_VERSION = 1.0;
				PRODUCT_BUNDLE_IDENTIFIER = mehadi.AppleFrameworks;
				PRODUCT_NAME = "$(TARGET_NAME)";
				SWIFT_EMIT_LOC_STRINGS = YES;
				SWIFT_VERSION = 5.0;
				TARGETED_DEVICE_FAMILY = "1,2";
			};
			name = Release;
		};
		298DF6F32B88959600AFCEA0 /* Debug */ = {
			isa = XCBuildConfiguration;
			buildSettings = {
				ALWAYS_EMBED_SWIFT_STANDARD_LIBRARIES = YES;
				BUNDLE_LOADER = "$(TEST_HOST)";
				CODE_SIGN_STYLE = Automatic;
				CURRENT_PROJECT_VERSION = 1;
				GENERATE_INFOPLIST_FILE = YES;
				IPHONEOS_DEPLOYMENT_TARGET = 16.4;
				MARKETING_VERSION = 1.0;
				PRODUCT_BUNDLE_IDENTIFIER = mehadi.AppleFrameworksTests;
				PRODUCT_NAME = "$(TARGET_NAME)";
				SWIFT_EMIT_LOC_STRINGS = NO;
				SWIFT_VERSION = 5.0;
				TARGETED_DEVICE_FAMILY = "1,2";
				TEST_HOST = "$(BUILT_PRODUCTS_DIR)/AppleFrameworks.app/$(BUNDLE_EXECUTABLE_FOLDER_PATH)/AppleFrameworks";
			};
			name = Debug;
		};
		298DF6F42B88959600AFCEA0 /* Release */ = {
			isa = XCBuildConfiguration;
			buildSettings = {
				ALWAYS_EMBED_SWIFT_STANDARD_LIBRARIES = YES;
				BUNDLE_LOADER = "$(TEST_HOST)";
				CODE_SIGN_STYLE = Automatic;
				CURRENT_PROJECT_VERSION = 1;
				GENERATE_INFOPLIST_FILE = YES;
				IPHONEOS_DEPLOYMENT_TARGET = 16.4;
				MARKETING_VERSION = 1.0;
				PRODUCT_BUNDLE_IDENTIFIER = mehadi.AppleFrameworksTests;
				PRODUCT_NAME = "$(TARGET_NAME)";
				SWIFT_EMIT_LOC_STRINGS = NO;
				SWIFT_VERSION = 5.0;
				TARGETED_DEVICE_FAMILY = "1,2";
				TEST_HOST = "$(BUILT_PRODUCTS_DIR)/AppleFrameworks.app/$(BUNDLE_EXECUTABLE_FOLDER_PATH)/AppleFrameworks";
			};
			name = Release;
		};
		298DF6F62B88959600AFCEA0 /* Debug */ = {
			isa = XCBuildConfiguration;
			buildSettings = {
				ALWAYS_EMBED_SWIFT_STANDARD_LIBRARIES = YES;
				CODE_SIGN_STYLE = Automatic;
				CURRENT_PROJECT_VERSION = 1;
				GENERATE_INFOPLIST_FILE = YES;
				MARKETING_VERSION = 1.0;
				PRODUCT_BUNDLE_IDENTIFIER = mehadi.AppleFrameworksUITests;
				PRODUCT_NAME = "$(TARGET_NAME)";
				SWIFT_EMIT_LOC_STRINGS = NO;
				SWIFT_VERSION = 5.0;
				TARGETED_DEVICE_FAMILY = "1,2";
				TEST_TARGET_NAME = AppleFrameworks;
			};
			name = Debug;
		};
		298DF6F72B88959600AFCEA0 /* Release */ = {
			isa = XCBuildConfiguration;
			buildSettings = {
				ALWAYS_EMBED_SWIFT_STANDARD_LIBRARIES = YES;
				CODE_SIGN_STYLE = Automatic;
				CURRENT_PROJECT_VERSION = 1;
				GENERATE_INFOPLIST_FILE = YES;
				MARKETING_VERSION = 1.0;
				PRODUCT_BUNDLE_IDENTIFIER = mehadi.AppleFrameworksUITests;
				PRODUCT_NAME = "$(TARGET_NAME)";
				SWIFT_EMIT_LOC_STRINGS = NO;
				SWIFT_VERSION = 5.0;
				TARGETED_DEVICE_FAMILY = "1,2";
				TEST_TARGET_NAME = AppleFrameworks;
			};
			name = Release;
		};
/* End XCBuildConfiguration section */

/* Begin XCConfigurationList section */
		298DF6C62B88959300AFCEA0 /* Build configuration list for PBXProject "AppleFrameworks" */ = {
			isa = XCConfigurationList;
			buildConfigurations = (
				298DF6ED2B88959600AFCEA0 /* Debug */,
				298DF6EE2B88959600AFCEA0 /* Release */,
			);
			defaultConfigurationIsVisible = 0;
			defaultConfigurationName = Release;
		};
		298DF6EF2B88959600AFCEA0 /* Build configuration list for PBXNativeTarget "AppleFrameworks" */ = {
			isa = XCConfigurationList;
			buildConfigurations = (
				298DF6F02B88959600AFCEA0 /* Debug */,
				298DF6F12B88959600AFCEA0 /* Release */,
			);
			defaultConfigurationIsVisible = 0;
			defaultConfigurationName = Release;
		};
		298DF6F22B88959600AFCEA0 /* Build configuration list for PBXNativeTarget "AppleFrameworksTests" */ = {
			isa = XCConfigurationList;
			buildConfigurations = (
				298DF6F32B88959600AFCEA0 /* Debug */,
				298DF6F42B88959600AFCEA0 /* Release */,
			);
			defaultConfigurationIsVisible = 0;
			defaultConfigurationName = Release;
		};
		298DF6F52B88959600AFCEA0 /* Build configuration list for PBXNativeTarget "AppleFrameworksUITests" */ = {
			isa = XCConfigurationList;
			buildConfigurations = (
				298DF6F62B88959600AFCEA0 /* Debug */,
				298DF6F72B88959600AFCEA0 /* Release */,
			);
			defaultConfigurationIsVisible = 0;
			defaultConfigurationName = Release;
		};
/* End XCConfigurationList section */
	};
	rootObject = 298DF6C32B88959300AFCEA0 /* Project object */;
}
